{
  "requires": true,
  "lockfileVersion": 1,
  "dependencies": {
    "@maciekb05/lib": {
      "version": "2.0.0",
      "resolved": "https://registry.npmjs.org/@maciekb05/lib/-/lib-2.0.0.tgz",
      "integrity": "sha512-WVUi8zlUNyHcBGGVbnOOJBi3Y/peEYxhYyk/iVOT5j8Zv6Ugik62qkM2uFHaaWF13go2mWDQFgxwklHBjp9CWg=="
    }
  }
}
